
Microsoft Visual Studio Solution File, Format Version 12.00
# Visual Studio 15
VisualStudioVersion = 15.0.28010.2050
MinimumVisualStudioVersion = 10.0.40219.1
Project("{FAE04EC0-301F-11D3-BF4B-00C04F79EFBC}") = "WordAnalysis.ConsoleApplication", "WordAnalysis.ConsoleApplication\WordAnalysis.ConsoleApplication.csproj", "{7443CAF6-1ABB-49C7-90D7-906861000726}"
EndProject
Global
	GlobalSection(SolutionConfigurationPlatforms) = preSolution
		Debug|Any CPU = Debug|Any CPU
		Release|Any CPU = Release|Any CPU
	EndGlobalSection
	GlobalSection(ProjectConfigurationPlatforms) = postSolution
		{7443CAF6-1ABB-49C7-90D7-906861000726}.Debug|Any CPU.ActiveCfg = Debug|Any CPU
		{7443CAF6-1ABB-49C7-90D7-906861000726}.Debug|Any CPU.Build.0 = Debug|Any CPU
		{7443CAF6-1ABB-49C7-90D7-906861000726}.Release|Any CPU.ActiveCfg = Release|Any CPU
		{7443CAF6-1ABB-49C7-90D7-906861000726}.Release|Any CPU.Build.0 = Release|Any CPU
	EndGlobalSection
	GlobalSection(SolutionProperties) = preSolution
		HideSolutionNode = FALSE
	EndGlobalSection
	GlobalSection(ExtensibilityGlobals) = postSolution
		SolutionGuid = {8FE0DA68-79E3-4CDC-9E57-F2959AFADCB8}
	EndGlobalSection
EndGlobal
